agents:
  claude-code:
    resolved: 2.1.177 (Claude Code)
base_image: debian:bookworm-slim@sha256:96e378d7e6531ac9a15ad505478fcc2e69f371b10f5cdf87857c4b8188404716
loom_lock: 1
resolved_at: "2026-06-14T21:20:54Z"
tools:
  git:
    intent: latest
    resolved: git version 2.39.5
    source: apt
  gitleaks:
    intent: latest
    resolved: gitleaks version version is set by build process
    source: go-install
  go:
    intent: "1.26"
    resolved: go version go1.26.4 linux/arm64
    source: go-tarball
  golangci-lint:
    intent: latest
    resolved: 'golangci-lint has version 2.12.2 built with go1.26.4 from (unknown,
      modified: ?, mod sum: "h1:7+d1uY0bq1MU2UV3R5pW5Q7QWdcoq4naMRXM+gsJKrs=") on
      (unknown)'
    source: go-install
  gopls:
    intent: latest
    resolved: golang.org/x/tools/gopls v0.22.0
    source: go-install
  jq:
    intent: latest
    resolved: jq-1.6
    source: apt
  make:
    intent: latest
    resolved: GNU Make 4.3
    source: apt
  ripgrep:
    intent: latest
    resolved: ripgrep 13.0.0
    source: apt
