agents:
  claude-code:
    resolved: 2.1.187 (Claude Code)
  gemini:
    resolved: 0.47.0
base_image: debian:bookworm-slim@sha256:60eac759739651111db372c07be67863818726f754804b8707c90979bda511df
loom_lock: 1
resolved_at: "2026-06-24T15:31:27Z"
tools:
  gh:
    intent: latest
    resolved: gh version 2.95.0
    source: go-install
  git:
    intent: latest
    resolved: git version 2.39.5
    source: apt
  gitleaks:
    intent: latest
    resolved: gitleaks version version is set by build process
    source: go-install
  go:
    intent: "1.26"
    resolved: go version go1.26.4 linux/arm64
    source: go-tarball
  golangci-lint:
    intent: latest
    resolved: 'golangci-lint has version 2.12.2 built with go1.26.4 from (unknown,
      modified: ?, mod sum: "h1:7+d1uY0bq1MU2UV3R5pW5Q7QWdcoq4naMRXM+gsJKrs=") on
      (unknown)'
    source: go-install
  gopls:
    intent: latest
    resolved: golang.org/x/tools/gopls v0.22.0
    source: go-install
  jq:
    intent: latest
    resolved: jq-1.6
    source: apt
  lazygit:
    intent: latest
    resolved: commit=, build date=, build source=unknown, version=unversioned, os=linux,
      arch=arm64, git version=2.39.5
    source: go-install
  make:
    intent: latest
    resolved: GNU Make 4.3
    source: apt
  nodejs:
    intent: latest
    resolved: v20.20.2
    source: nodejs-20
  ripgrep:
    intent: latest
    resolved: ripgrep 13.0.0
    source: apt
